// !$*UTF8*$!
{
	archiveVersion = 1;
	classes = {
	};
	objectVersion = 46;
	objects = {

/* Begin PBXBuildFile section */
		4C66232419D9320A00ED6301 /* AppDelegate.swift in Sources */ = {isa = PBXBuildFile; fileRef = 4C66232319D9320A00ED6301 /* AppDelegate.swift */; };
		4C66232619D9320A00ED6301 /* MasterViewController.swift in Sources */ = {isa = PBXBuildFile; fileRef = 4C66232519D9320A00ED6301 /* MasterViewController.swift */; };
		4C66232819D9320A00ED6301 /* DetailViewController.swift in Sources */ = {isa = PBXBuildFile; fileRef = 4C66232719D9320A00ED6301 /* DetailViewController.swift */; };
		4C66232B19D9320A00ED6301 /* Main.storyboard in Resources */ = {isa = PBXBuildFile; fileRef = 4C66232919D9320A00ED6301 /* Main.storyboard */; };
		4C66232D19D9320A00ED6301 /* Images.xcassets in Resources */ = {isa = PBXBuildFile; fileRef = 4C66232C19D9320A00ED6301 /* Images.xcassets */; };
		4C66233919D9320A00ED6301 /* exampleTests.swift in Sources */ = {isa = PBXBuildFile; fileRef = 4C66233819D9320A00ED6301 /* exampleTests.swift */; };
		4C66234319D9325900ED6301 /* FeedKit.framework in Frameworks */ = {isa = PBXBuildFile; fileRef = 4C66234219D9325900ED6301 /* FeedKit.framework */; };
/* End PBXBuildFile section */

/* Begin PBXContainerItemProxy section */
		4C66233319D9320A00ED6301 /* PBXContainerItemProxy */ = {
			isa = PBXContainerItemProxy;
			containerPortal = 4C66231619D9320A00ED6301 /* Project object */;
			proxyType = 1;
			remoteGlobalIDString = 4C66231D19D9320A00ED6301;
			remoteInfo = example;
		};
		4C66234919D9328500ED6301 /* PBXContainerItemProxy */ = {
			isa = PBXContainerItemProxy;
			containerPortal = 4C66234419D9328500ED6301 /* FeedKit.xcodeproj */;
			proxyType = 2;
			remoteGlobalIDString = 4C3485951977C236008A6B53;
			remoteInfo = FeedKit;
		};
		4C66234B19D9328500ED6301 /* PBXContainerItemProxy */ = {
			isa = PBXContainerItemProxy;
			containerPortal = 4C66234419D9328500ED6301 /* FeedKit.xcodeproj */;
			proxyType = 2;
			remoteGlobalIDString = 4C3485A01977C237008A6B53;
			remoteInfo = FeedKitTests;
		};
		4C66234D19D9329500ED6301 /* PBXContainerItemProxy */ = {
			isa = PBXContainerItemProxy;
			containerPortal = 4C66234419D9328500ED6301 /* FeedKit.xcodeproj */;
			proxyType = 1;
			remoteGlobalIDString = 4C3485941977C236008A6B53;
			remoteInfo = FeedKit;
		};
/* End PBXContainerItemProxy section */

/* Begin PBXFileReference section */
		4C66231E19D9320A00ED6301 /* example.app */ = {isa = PBXFileReference; explicitFileType = wrapper.application; includeInIndex = 0; path = example.app; sourceTree = BUILT_PRODUCTS_DIR; };
		4C66232219D9320A00ED6301 /* Info.plist */ = {isa = PBXFileReference; lastKnownFileType = text.plist.xml; path = Info.plist; sourceTree = "<group>"; };
		4C66232319D9320A00ED6301 /* AppDelegate.swift */ = {isa = PBXFileReference; lastKnownFileType = sourcecode.swift; path = AppDelegate.swift; sourceTree = "<group>"; };
		4C66232519D9320A00ED6301 /* MasterViewController.swift */ = {isa = PBXFileReference; lastKnownFileType = sourcecode.swift; path = MasterViewController.swift; sourceTree = "<group>"; };
		4C66232719D9320A00ED6301 /* DetailViewController.swift */ = {isa = PBXFileReference; lastKnownFileType = sourcecode.swift; path = DetailViewController.swift; sourceTree = "<group>"; };
		4C66232A19D9320A00ED6301 /* Base */ = {isa = PBXFileReference; lastKnownFileType = file.storyboard; name = Base; path = Base.lproj/Main.storyboard; sourceTree = "<group>"; };
		4C66232C19D9320A00ED6301 /* Images.xcassets */ = {isa = PBXFileReference; lastKnownFileType = folder.assetcatalog; path = Images.xcassets; sourceTree = "<group>"; };
		4C66233219D9320A00ED6301 /* exampleTests.xctest */ = {isa = PBXFileReference; explicitFileType = wrapper.cfbundle; includeInIndex = 0; path = exampleTests.xctest; sourceTree = BUILT_PRODUCTS_DIR; };
		4C66233719D9320A00ED6301 /* Info.plist */ = {isa = PBXFileReference; lastKnownFileType = text.plist.xml; path = Info.plist; sourceTree = "<group>"; };
		4C66233819D9320A00ED6301 /* exampleTests.swift */ = {isa = PBXFileReference; lastKnownFileType = sourcecode.swift; path = exampleTests.swift; sourceTree = "<group>"; };
		4C66234219D9325900ED6301 /* FeedKit.framework */ = {isa = PBXFileReference; lastKnownFileType = wrapper.framework; name = FeedKit.framework; path = "../build/Debug-iphoneos/FeedKit.framework"; sourceTree = "<group>"; };
		4C66234419D9328500ED6301 /* FeedKit.xcodeproj */ = {isa = PBXFileReference; lastKnownFileType = "wrapper.pb-project"; name = FeedKit.xcodeproj; path = ../FeedKit.xcodeproj; sourceTree = "<group>"; };
/* End PBXFileReference section */

/* Begin PBXFrameworksBuildPhase section */
		4C66231B19D9320A00ED6301 /* Frameworks */ = {
			isa = PBXFrameworksBuildPhase;
			buildActionMask = 2147483647;
			files = (
				4C66234319D9325900ED6301 /* FeedKit.framework in Frameworks */,
			);
			runOnlyForDeploymentPostprocessing = 0;
		};
		4C66232F19D9320A00ED6301 /* Frameworks */ = {
			isa = PBXFrameworksBuildPhase;
			buildActionMask = 2147483647;
			files = (
			);
			runOnlyForDeploymentPostprocessing = 0;
		};
/* End PBXFrameworksBuildPhase section */

/* Begin PBXGroup section */
		4C66231519D9320A00ED6301 = {
			isa = PBXGroup;
			children = (
				4C66234419D9328500ED6301 /* FeedKit.xcodeproj */,
				4C66234219D9325900ED6301 /* FeedKit.framework */,
				4C66232019D9320A00ED6301 /* example */,
				4C66233519D9320A00ED6301 /* exampleTests */,
				4C66231F19D9320A00ED6301 /* Products */,
			);
			sourceTree = "<group>";
		};
		4C66231F19D9320A00ED6301 /* Products */ = {
			isa = PBXGroup;
			children = (
				4C66231E19D9320A00ED6301 /* example.app */,
				4C66233219D9320A00ED6301 /* exampleTests.xctest */,
			);
			name = Products;
			sourceTree = "<group>";
		};
		4C66232019D9320A00ED6301 /* example */ = {
			isa = PBXGroup;
			children = (
				4C66232319D9320A00ED6301 /* AppDelegate.swift */,
				4C66232519D9320A00ED6301 /* MasterViewController.swift */,
				4C66232719D9320A00ED6301 /* DetailViewController.swift */,
				4C66232919D9320A00ED6301 /* Main.storyboard */,
				4C66232C19D9320A00ED6301 /* Images.xcassets */,
				4C66232119D9320A00ED6301 /* Supporting Files */,
			);
			path = example;
			sourceTree = "<group>";
		};
		4C66232119D9320A00ED6301 /* Supporting Files */ = {
			isa = PBXGroup;
			children = (
				4C66232219D9320A00ED6301 /* Info.plist */,
			);
			name = "Supporting Files";
			sourceTree = "<group>";
		};
		4C66233519D9320A00ED6301 /* exampleTests */ = {
			isa = PBXGroup;
			children = (
				4C66233819D9320A00ED6301 /* exampleTests.swift */,
				4C66233619D9320A00ED6301 /* Supporting Files */,
			);
			path = exampleTests;
			sourceTree = "<group>";
		};
		4C66233619D9320A00ED6301 /* Supporting Files */ = {
			isa = PBXGroup;
			children = (
				4C66233719D9320A00ED6301 /* Info.plist */,
			);
			name = "Supporting Files";
			sourceTree = "<group>";
		};
		4C66234519D9328500ED6301 /* Products */ = {
			isa = PBXGroup;
			children = (
				4C66234A19D9328500ED6301 /* FeedKit.framework */,
				4C66234C19D9328500ED6301 /* FeedKitTests.xctest */,
			);
			name = Products;
			sourceTree = "<group>";
		};
/* End PBXGroup section */

/* Begin PBXNativeTarget section */
		4C66231D19D9320A00ED6301 /* example */ = {
			isa = PBXNativeTarget;
			buildConfigurationList = 4C66233C19D9320A00ED6301 /* Build configuration list for PBXNativeTarget "example" */;
			buildPhases = (
				4C66231A19D9320A00ED6301 /* Sources */,
				4C66231B19D9320A00ED6301 /* Frameworks */,
				4C66231C19D9320A00ED6301 /* Resources */,
			);
			buildRules = (
			);
			dependencies = (
				4C66234E19D9329500ED6301 /* PBXTargetDependency */,
			);
			name = example;
			productName = example;
			productReference = 4C66231E19D9320A00ED6301 /* example.app */;
			productType = "com.apple.product-type.application";
		};
		4C66233119D9320A00ED6301 /* exampleTests */ = {
			isa = PBXNativeTarget;
			buildConfigurationList = 4C66233F19D9320A00ED6301 /* Build configuration list for PBXNativeTarget "exampleTests" */;
			buildPhases = (
				4C66232E19D9320A00ED6301 /* Sources */,
				4C66232F19D9320A00ED6301 /* Frameworks */,
				4C66233019D9320A00ED6301 /* Resources */,
			);
			buildRules = (
			);
			dependencies = (
				4C66233419D9320A00ED6301 /* PBXTargetDependency */,
			);
			name = exampleTests;
			productName = exampleTests;
			productReference = 4C66233219D9320A00ED6301 /* exampleTests.xctest */;
			productType = "com.apple.product-type.bundle.unit-test";
		};
/* End PBXNativeTarget section */

/* Begin PBXProject section */
		4C66231619D9320A00ED6301 /* Project object */ = {
			isa = PBXProject;
			attributes = {
				LastUpgradeCheck = 0600;
				ORGANIZATIONNAME = "Michael Nisi";
				TargetAttributes = {
					4C66231D19D9320A00ED6301 = {
						CreatedOnToolsVersion = 6.0;
					};
					4C66233119D9320A00ED6301 = {
						CreatedOnToolsVersion = 6.0;
						TestTargetID = 4C66231D19D9320A00ED6301;
					};
				};
			};
			buildConfigurationList = 4C66231919D9320A00ED6301 /* Build configuration list for PBXProject "example" */;
			compatibilityVersion = "Xcode 3.2";
			developmentRegion = English;
			hasScannedForEncodings = 0;
			knownRegions = (
				en,
				Base,
			);
			mainGroup = 4C66231519D9320A00ED6301;
			productRefGroup = 4C66231F19D9320A00ED6301 /* Products */;
			projectDirPath = "";
			projectReferences = (
				{
					ProductGroup = 4C66234519D9328500ED6301 /* Products */;
					ProjectRef = 4C66234419D9328500ED6301 /* FeedKit.xcodeproj */;
				},
			);
			projectRoot = "";
			targets = (
				4C66231D19D9320A00ED6301 /* example */,
				4C66233119D9320A00ED6301 /* exampleTests */,
			);
		};
/* End PBXProject section */

/* Begin PBXReferenceProxy section */
		4C66234A19D9328500ED6301 /* FeedKit.framework */ = {
			isa = PBXReferenceProxy;
			fileType = wrapper.framework;
			path = FeedKit.framework;
			remoteRef = 4C66234919D9328500ED6301 /* PBXContainerItemProxy */;
			sourceTree = BUILT_PRODUCTS_DIR;
		};
		4C66234C19D9328500ED6301 /* FeedKitTests.xctest */ = {
			isa = PBXReferenceProxy;
			fileType = wrapper.cfbundle;
			path = FeedKitTests.xctest;
			remoteRef = 4C66234B19D9328500ED6301 /* PBXContainerItemProxy */;
			sourceTree = BUILT_PRODUCTS_DIR;
		};
/* End PBXReferenceProxy section */

/* Begin PBXResourcesBuildPhase section */
		4C66231C19D9320A00ED6301 /* Resources */ = {
			isa = PBXResourcesBuildPhase;
			buildActionMask = 2147483647;
			files = (
				4C66232B19D9320A00ED6301 /* Main.storyboard in Resources */,
				4C66232D19D9320A00ED6301 /* Images.xcassets in Resources */,
			);
			runOnlyForDeploymentPostprocessing = 0;
		};
		4C66233019D9320A00ED6301 /* Resources */ = {
			isa = PBXResourcesBuildPhase;
			buildActionMask = 2147483647;
			files = (
			);
			runOnlyForDeploymentPostprocessing = 0;
		};
/* End PBXResourcesBuildPhase section */

/* Begin PBXSourcesBuildPhase section */
		4C66231A19D9320A00ED6301 /* Sources */ = {
			isa = PBXSourcesBuildPhase;
			buildActionMask = 2147483647;
			files = (
				4C66232819D9320A00ED6301 /* DetailViewController.swift in Sources */,
				4C66232619D9320A00ED6301 /* MasterViewController.swift in Sources */,
				4C66232419D9320A00ED6301 /* AppDelegate.swift in Sources */,
			);
			runOnlyForDeploymentPostprocessing = 0;
		};
		4C66232E19D9320A00ED6301 /* Sources */ = {
			isa = PBXSourcesBuildPhase;
			buildActionMask = 2147483647;
			files = (
				4C66233919D9320A00ED6301 /* exampleTests.swift in Sources */,
			);
			runOnlyForDeploymentPostprocessing = 0;
		};
/* End PBXSourcesBuildPhase section */

/* Begin PBXTargetDependency section */
		4C66233419D9320A00ED6301 /* PBXTargetDependency */ = {
			isa = PBXTargetDependency;
			target = 4C66231D19D9320A00ED6301 /* example */;
			targetProxy = 4C66233319D9320A00ED6301 /* PBXContainerItemProxy */;
		};
		4C66234E19D9329500ED6301 /* PBXTargetDependency */ = {
			isa = PBXTargetDependency;
			name = FeedKit;
			targetProxy = 4C66234D19D9329500ED6301 /* PBXContainerItemProxy */;
		};
/* End PBXTargetDependency section */

/* Begin PBXVariantGroup section */
		4C66232919D9320A00ED6301 /* Main.storyboard */ = {
			isa = PBXVariantGroup;
			children = (
				4C66232A19D9320A00ED6301 /* Base */,
			);
			name = Main.storyboard;
			sourceTree = "<group>";
		};
/* End PBXVariantGroup section */

/* Begin XCBuildConfiguration section */
		4C66233A19D9320A00ED6301 /* Debug */ = {
			isa = XCBuildConfiguration;
			buildSettings = {
				ALWAYS_SEARCH_USER_PATHS = NO;
				CLANG_CXX_LANGUAGE_STANDARD = "gnu++0x";
				CLANG_CXX_LIBRARY = "libc++";
				CLANG_ENABLE_MODULES = YES;
				CLANG_ENABLE_OBJC_ARC = YES;
				CLANG_WARN_BOOL_CONVERSION = YES;
				CLANG_WARN_CONSTANT_CONVERSION = YES;
				CLANG_WARN_DIRECT_OBJC_ISA_USAGE = YES_ERROR;
				CLANG_WARN_EMPTY_BODY = YES;
				CLANG_WARN_ENUM_CONVERSION = YES;
				CLANG_WARN_INT_CONVERSION = YES;
				CLANG_WARN_OBJC_ROOT_CLASS = YES_ERROR;
				CLANG_WARN_UNREACHABLE_CODE = YES;
				CLANG_WARN__DUPLICATE_METHOD_MATCH = YES;
				"CODE_SIGN_IDENTITY[sdk=iphoneos*]" = "iPhone Developer";
				COPY_PHASE_STRIP = NO;
				ENABLE_STRICT_OBJC_MSGSEND = YES;
				GCC_C_LANGUAGE_STANDARD = gnu99;
				GCC_DYNAMIC_NO_PIC = NO;
				GCC_OPTIMIZATION_LEVEL = 0;
				GCC_PREPROCESSOR_DEFINITIONS = (
					"DEBUG=1",
					"$(inherited)",
				);
				GCC_SYMBOLS_PRIVATE_EXTERN = NO;
				GCC_WARN_64_TO_32_BIT_CONVERSION = YES;
				GCC_WARN_ABOUT_RETURN_TYPE = YES_ERROR;
				GCC_WARN_UNDECLARED_SELECTOR = YES;
				GCC_WARN_UNINITIALIZED_AUTOS = YES_AGGRESSIVE;
				GCC_WARN_UNUSED_FUNCTION = YES;
				GCC_WARN_UNUSED_VARIABLE = YES;
				IPHONEOS_DEPLOYMENT_TARGET = 8.0;
				MTL_ENABLE_DEBUG_INFO = YES;
				ONLY_ACTIVE_ARCH = YES;
				SDKROOT = iphoneos;
				SWIFT_OPTIMIZATION_LEVEL = "-Onone";
			};
			name = Debug;
		};
		4C66233B19D9320A00ED6301 /* Release */ = {
			isa = XCBuildConfiguration;
			buildSettings = {
				ALWAYS_SEARCH_USER_PATHS = NO;
				CLANG_CXX_LANGUAGE_STANDARD = "gnu++0x";
				CLANG_CXX_LIBRARY = "libc++";
				CLANG_ENABLE_MODULES = YES;
				CLANG_ENABLE_OBJC_ARC = YES;
				CLANG_WARN_BOOL_CONVERSION = YES;
				CLANG_WARN_CONSTANT_CONVERSION = YES;
				CLANG_WARN_DIRECT_OBJC_ISA_USAGE = YES_ERROR;
				CLANG_WARN_EMPTY_BODY = YES;
				CLANG_WARN_ENUM_CONVERSION = YES;
				CLANG_WARN_INT_CONVERSION = YES;
				CLANG_WARN_OBJC_ROOT_CLASS = YES_ERROR;
				CLANG_WARN_UNREACHABLE_CODE = YES;
				CLANG_WARN__DUPLICATE_METHOD_MATCH = YES;
				"CODE_SIGN_IDENTITY[sdk=iphoneos*]" = "iPhone Developer";
				COPY_PHASE_STRIP = YES;
				ENABLE_NS_ASSERTIONS = NO;
				ENABLE_STRICT_OBJC_MSGSEND = YES;
				GCC_C_LANGUAGE_STANDARD = gnu99;
				GCC_WARN_64_TO_32_BIT_CONVERSION = YES;
				GCC_WARN_ABOUT_RETURN_TYPE = YES_ERROR;
				GCC_WARN_UNDECLARED_SELECTOR = YES;
				GCC_WARN_UNINITIALIZED_AUTOS = YES_AGGRESSIVE;
				GCC_WARN_UNUSED_FUNCTION = YES;
				GCC_WARN_UNUSED_VARIABLE = YES;
				IPHONEOS_DEPLOYMENT_TARGET = 8.0;
				MTL_ENABLE_DEBUG_INFO = NO;
				SDKROOT = iphoneos;
				VALIDATE_PRODUCT = YES;
			};
			name = Release;
		};
		4C66233D19D9320A00ED6301 /* Debug */ = {
			isa = XCBuildConfiguration;
			buildSettings = {
				ASSETCATALOG_COMPILER_APPICON_NAME = AppIcon;
				ASSETCATALOG_COMPILER_LAUNCHIMAGE_NAME = LaunchImage;
				FRAMEWORK_SEARCH_PATHS = (
					"$(inherited)",
					"/Users/michael/Workspace/FeedKit/build/Debug-iphoneos",
				);
				INFOPLIST_FILE = example/Info.plist;
				LD_RUNPATH_SEARCH_PATHS = "$(inherited) @executable_path/Frameworks";
				PRODUCT_NAME = "$(TARGET_NAME)";
			};
			name = Debug;
		};
		4C66233E19D9320A00ED6301 /* Release */ = {
			isa = XCBuildConfiguration;
			buildSettings = {
				ASSETCATALOG_COMPILER_APPICON_NAME = AppIcon;
				ASSETCATALOG_COMPILER_LAUNCHIMAGE_NAME = LaunchImage;
				FRAMEWORK_SEARCH_PATHS = (
					"$(inherited)",
					"/Users/michael/Workspace/FeedKit/build/Debug-iphoneos",
				);
				INFOPLIST_FILE = example/Info.plist;
				LD_RUNPATH_SEARCH_PATHS = "$(inherited) @executable_path/Frameworks";
				PRODUCT_NAME = "$(TARGET_NAME)";
			};
			name = Release;
		};
		4C66234019D9320A00ED6301 /* Debug */ = {
			isa = XCBuildConfiguration;
			buildSettings = {
				BUNDLE_LOADER = "$(TEST_HOST)";
				FRAMEWORK_SEARCH_PATHS = (
					"$(SDKROOT)/Developer/Library/Frameworks",
					"$(inherited)",
				);
				GCC_PREPROCESSOR_DEFINITIONS = (
					"DEBUG=1",
					"$(inherited)",
				);
				INFOPLIST_FILE = exampleTests/Info.plist;
				LD_RUNPATH_SEARCH_PATHS = "$(inherited) @executable_path/Frameworks @loader_path/Frameworks";
				PRODUCT_NAME = "$(TARGET_NAME)";
				TEST_HOST = "$(BUILT_PRODUCTS_DIR)/example.app/example";
			};
			name = Debug;
		};
		4C66234119D9320A00ED6301 /* Release */ = {
			isa = XCBuildConfiguration;
			buildSettings = {
				BUNDLE_LOADER = "$(TEST_HOST)";
				FRAMEWORK_SEARCH_PATHS = (
					"$(SDKROOT)/Developer/Library/Frameworks",
					"$(inherited)",
				);
				INFOPLIST_FILE = exampleTests/Info.plist;
				LD_RUNPATH_SEARCH_PATHS = "$(inherited) @executable_path/Frameworks @loader_path/Frameworks";
				PRODUCT_NAME = "$(TARGET_NAME)";
				TEST_HOST = "$(BUILT_PRODUCTS_DIR)/example.app/example";
			};
			name = Release;
		};
/* End XCBuildConfiguration section */

/* Begin XCConfigurationList section */
		4C66231919D9320A00ED6301 /* Build configuration list for PBXProject "example" */ = {
			isa = XCConfigurationList;
			buildConfigurations = (
				4C66233A19D9320A00ED6301 /* Debug */,
				4C66233B19D9320A00ED6301 /* Release */,
			);
			defaultConfigurationIsVisible = 0;
			defaultConfigurationName = Release;
		};
		4C66233C19D9320A00ED6301 /* Build configuration list for PBXNativeTarget "example" */ = {
			isa = XCConfigurationList;
			buildConfigurations = (
				4C66233D19D9320A00ED6301 /* Debug */,
				4C66233E19D9320A00ED6301 /* Release */,
			);
			defaultConfigurationIsVisible = 0;
			defaultConfigurationName = Release;
		};
		4C66233F19D9320A00ED6301 /* Build configuration list for PBXNativeTarget "exampleTests" */ = {
			isa = XCConfigurationList;
			buildConfigurations = (
				4C66234019D9320A00ED6301 /* Debug */,
				4C66234119D9320A00ED6301 /* Release */,
			);
			defaultConfigurationIsVisible = 0;
			defaultConfigurationName = Release;
		};
/* End XCConfigurationList section */
	};
	rootObject = 4C66231619D9320A00ED6301 /* Project object */;
}
